
Microsoft Visual Studio Solution File, Format Version 12.00
# Visual Studio Version 16
VisualStudioVersion = 16.0.30717.126
MinimumVisualStudioVersion = 10.0.40219.1
Project("{9A19103F-16F7-4668-BE54-9A1E7A4F7556}") = "SaganGaming", "SaganGaming\SaganGaming.csproj", "{008E28D1-3648-450E-8D49-4D0DD4F78BF6}"
EndProject
Project("{9A19103F-16F7-4668-BE54-9A1E7A4F7556}") = "DataAccess", "DataAccess\DataAccess.csproj", "{011B21FC-2509-49DC-97BE-023022A9571C}"
EndProject
Global
	GlobalSection(SolutionConfigurationPlatforms) = preSolution
		Debug|Any CPU = Debug|Any CPU
		Release|Any CPU = Release|Any CPU
	EndGlobalSection
	GlobalSection(ProjectConfigurationPlatforms) = postSolution
		{008E28D1-3648-450E-8D49-4D0DD4F78BF6}.Debug|Any CPU.ActiveCfg = Debug|Any CPU
		{008E28D1-3648-450E-8D49-4D0DD4F78BF6}.Debug|Any CPU.Build.0 = Debug|Any CPU
		{008E28D1-3648-450E-8D49-4D0DD4F78BF6}.Release|Any CPU.ActiveCfg = Release|Any CPU
		{008E28D1-3648-450E-8D49-4D0DD4F78BF6}.Release|Any CPU.Build.0 = Release|Any CPU
		{011B21FC-2509-49DC-97BE-023022A9571C}.Debug|Any CPU.ActiveCfg = Debug|Any CPU
		{011B21FC-2509-49DC-97BE-023022A9571C}.Debug|Any CPU.Build.0 = Debug|Any CPU
		{011B21FC-2509-49DC-97BE-023022A9571C}.Release|Any CPU.ActiveCfg = Release|Any CPU
		{011B21FC-2509-49DC-97BE-023022A9571C}.Release|Any CPU.Build.0 = Release|Any CPU
	EndGlobalSection
	GlobalSection(SolutionProperties) = preSolution
		HideSolutionNode = FALSE
	EndGlobalSection
	GlobalSection(ExtensibilityGlobals) = postSolution
		SolutionGuid = {FAAC18B8-A65B-46F3-A40D-A83462E638AD}
	EndGlobalSection
EndGlobal
